// !$*UTF8*$!
{
	archiveVersion = 1;
	classes = {
	};
	objectVersion = 52;
	objects = {

/* Begin PBXBuildFile section */
		3929C48C1E89EC2C00E00B60 /* AppDelegate.swift in Sources */ = {isa = PBXBuildFile; fileRef = 3929C48B1E89EC2C00E00B60 /* AppDelegate.swift */; };
		3929C4911E89EC2C00E00B60 /* Main.storyboard in Resources */ = {isa = PBXBuildFile; fileRef = 3929C48F1E89EC2C00E00B60 /* Main.storyboard */; };
		3929C4931E89EC2C00E00B60 /* Assets.xcassets in Resources */ = {isa = PBXBuildFile; fileRef = 3929C4921E89EC2C00E00B60 /* Assets.xcassets */; };
		3929C49F1E89EE4400E00B60 /* Models.scnassets in Resources */ = {isa = PBXBuildFile; fileRef = 3929C49E1E89EE4400E00B60 /* Models.scnassets */; };
		39D8DC1B1E8ADAE600386B05 /* LaunchScreen.storyboard in Resources */ = {isa = PBXBuildFile; fileRef = 39D8DC1A1E8ADAE600386B05 /* LaunchScreen.storyboard */; };
		961102132629E57600623812 /* ViewController.swift in Sources */ = {isa = PBXBuildFile; fileRef = 961102122629E57600623812 /* ViewController.swift */; };
		9611023A2629FF3000623812 /* ThresholdPanGesture.swift in Sources */ = {isa = PBXBuildFile; fileRef = 961102392629FF3000623812 /* ThresholdPanGesture.swift */; };
		9611023C2629FF8300623812 /* ARExtensions.swift in Sources */ = {isa = PBXBuildFile; fileRef = 9611023B2629FF8300623812 /* ARExtensions.swift */; };
		961102412629FFCA00623812 /* ViewController+CoachingOverlay.swift in Sources */ = {isa = PBXBuildFile; fileRef = 9611023D2629FFC900623812 /* ViewController+CoachingOverlay.swift */; };
		961102422629FFCA00623812 /* ViewController+ObjectSelection.swift in Sources */ = {isa = PBXBuildFile; fileRef = 961102402629FFCA00623812 /* ViewController+ObjectSelection.swift */; };
		961102432629FFCA00623812 /* ViewController+ARSCNViewDelegate.swift in Sources */ = {isa = PBXBuildFile; fileRef = 9611023E2629FFC900623812 /* ViewController+ARSCNViewDelegate.swift */; };
		961102442629FFCA00623812 /* ViewController+Actions.swift in Sources */ = {isa = PBXBuildFile; fileRef = 9611023F2629FFC900623812 /* ViewController+Actions.swift */; };
		961102452629FFF700623812 /* ARKViewController.swift in Sources */ = {isa = PBXBuildFile; fileRef = 961102382629FEE200623812 /* ARKViewController.swift */; };
		96110247262A002200623812 /* ShapeNodes.swift in Sources */ = {isa = PBXBuildFile; fileRef = 96110246262A002200623812 /* ShapeNodes.swift */; };
		9611024A262A005A00623812 /* VirtualObjectInteraction.swift in Sources */ = {isa = PBXBuildFile; fileRef = 96110249262A005A00623812 /* VirtualObjectInteraction.swift */; };
		9611024C262A008700623812 /* VirtualObjectARView.swift in Sources */ = {isa = PBXBuildFile; fileRef = 9611024B262A006B00623812 /* VirtualObjectARView.swift */; };
		9651C5B3262A8A70003AF0B2 /* VirtualObject.swift in Sources */ = {isa = PBXBuildFile; fileRef = 9651C5B1262A8A70003AF0B2 /* VirtualObject.swift */; };
		9651C5B4262A8A70003AF0B2 /* VirtualObjectLoader.swift in Sources */ = {isa = PBXBuildFile; fileRef = 9651C5B2262A8A70003AF0B2 /* VirtualObjectLoader.swift */; };
		9651C5B7262A8A8E003AF0B2 /* VirtualObjectSelection.swift in Sources */ = {isa = PBXBuildFile; fileRef = 9651C5B5262A8A8E003AF0B2 /* VirtualObjectSelection.swift */; };
		9651C5B8262A8A8E003AF0B2 /* StatusViewController.swift in Sources */ = {isa = PBXBuildFile; fileRef = 9651C5B6262A8A8E003AF0B2 /* StatusViewController.swift */; };
		9651C5BB262A8AEB003AF0B2 /* FocusSquare.swift in Sources */ = {isa = PBXBuildFile; fileRef = 9651C5B9262A8AEB003AF0B2 /* FocusSquare.swift */; };
		9651C5BC262A8AEB003AF0B2 /* FocusSquareSegment.swift in Sources */ = {isa = PBXBuildFile; fileRef = 9651C5BA262A8AEB003AF0B2 /* FocusSquareSegment.swift */; };
		9651C5BE262A8B11003AF0B2 /* Utilities.swift in Sources */ = {isa = PBXBuildFile; fileRef = 9651C5BD262A8B11003AF0B2 /* Utilities.swift */; };
		9651C5C1262A8C32003AF0B2 /* SCNLine in Frameworks */ = {isa = PBXBuildFile; productRef = 9651C5C0262A8C32003AF0B2 /* SCNLine */; };
		9679BE72260BD182009F0E89 /* ARVideoKit in Frameworks */ = {isa = PBXBuildFile; productRef = 9679BE71260BD182009F0E89 /* ARVideoKit */; };
		96EDA36326289B0000BE1B5A /* switchboard.jpg in Resources */ = {isa = PBXBuildFile; fileRef = 96EDA36226289B0000BE1B5A /* switchboard.jpg */; };
/* End PBXBuildFile section */

/* Begin PBXFileReference section */
		11063F3B1EBE651B0033EE6D /* README.md */ = {isa = PBXFileReference; lastKnownFileType = net.daringfireball.markdown; path = README.md; sourceTree = "<group>"; };
		19055EBC177090706502AFD5 /* LICENSE.txt */ = {isa = PBXFileReference; includeInIndex = 1; lastKnownFileType = text; path = LICENSE.txt; sourceTree = "<group>"; };
		3929C4881E89EC2C00E00B60 /* ARKitInteraction.app */ = {isa = PBXFileReference; explicitFileType = wrapper.application; includeInIndex = 0; path = ARKitInteraction.app; sourceTree = BUILT_PRODUCTS_DIR; };
		3929C48B1E89EC2C00E00B60 /* AppDelegate.swift */ = {isa = PBXFileReference; lastKnownFileType = sourcecode.swift; path = AppDelegate.swift; sourceTree = "<group>"; };
		3929C4901E89EC2C00E00B60 /* Base */ = {isa = PBXFileReference; lastKnownFileType = file.storyboard; name = Base; path = Base.lproj/Main.storyboard; sourceTree = "<group>"; };
		3929C4921E89EC2C00E00B60 /* Assets.xcassets */ = {isa = PBXFileReference; lastKnownFileType = folder.assetcatalog; path = Assets.xcassets; sourceTree = "<group>"; };
		3929C4971E89EC2C00E00B60 /* Info.plist */ = {isa = PBXFileReference; lastKnownFileType = text.plist.xml; path = Info.plist; sourceTree = "<group>"; };
		3929C49E1E89EE4400E00B60 /* Models.scnassets */ = {isa = PBXFileReference; lastKnownFileType = wrapper.scnassets; path = Models.scnassets; sourceTree = "<group>"; };
		39D8DC1A1E8ADAE600386B05 /* LaunchScreen.storyboard */ = {isa = PBXFileReference; fileEncoding = 4; lastKnownFileType = file.storyboard; path = LaunchScreen.storyboard; sourceTree = "<group>"; };
		961102122629E57600623812 /* ViewController.swift */ = {isa = PBXFileReference; lastKnownFileType = sourcecode.swift; path = ViewController.swift; sourceTree = "<group>"; };
		961102382629FEE200623812 /* ARKViewController.swift */ = {isa = PBXFileReference; lastKnownFileType = sourcecode.swift; path = ARKViewController.swift; sourceTree = "<group>"; };
		961102392629FF3000623812 /* ThresholdPanGesture.swift */ = {isa = PBXFileReference; lastKnownFileType = sourcecode.swift; path = ThresholdPanGesture.swift; sourceTree = "<group>"; };
		9611023B2629FF8300623812 /* ARExtensions.swift */ = {isa = PBXFileReference; lastKnownFileType = sourcecode.swift; path = ARExtensions.swift; sourceTree = "<group>"; };
		9611023D2629FFC900623812 /* ViewController+CoachingOverlay.swift */ = {isa = PBXFileReference; lastKnownFileType = sourcecode.swift; path = "ViewController+CoachingOverlay.swift"; sourceTree = "<group>"; };
		9611023E2629FFC900623812 /* ViewController+ARSCNViewDelegate.swift */ = {isa = PBXFileReference; lastKnownFileType = sourcecode.swift; path = "ViewController+ARSCNViewDelegate.swift"; sourceTree = "<group>"; };
		9611023F2629FFC900623812 /* ViewController+Actions.swift */ = {isa = PBXFileReference; lastKnownFileType = sourcecode.swift; path = "ViewController+Actions.swift"; sourceTree = "<group>"; };
		961102402629FFCA00623812 /* ViewController+ObjectSelection.swift */ = {isa = PBXFileReference; lastKnownFileType = sourcecode.swift; path = "ViewController+ObjectSelection.swift"; sourceTree = "<group>"; };
		96110246262A002200623812 /* ShapeNodes.swift */ = {isa = PBXFileReference; lastKnownFileType = sourcecode.swift; path = ShapeNodes.swift; sourceTree = "<group>"; };
		96110249262A005A00623812 /* VirtualObjectInteraction.swift */ = {isa = PBXFileReference; lastKnownFileType = sourcecode.swift; path = VirtualObjectInteraction.swift; sourceTree = "<group>"; };
		9611024B262A006B00623812 /* VirtualObjectARView.swift */ = {isa = PBXFileReference; lastKnownFileType = sourcecode.swift; path = VirtualObjectARView.swift; sourceTree = "<group>"; };
		9651C5B1262A8A70003AF0B2 /* VirtualObject.swift */ = {isa = PBXFileReference; fileEncoding = 4; lastKnownFileType = sourcecode.swift; path = VirtualObject.swift; sourceTree = "<group>"; };
		9651C5B2262A8A70003AF0B2 /* VirtualObjectLoader.swift */ = {isa = PBXFileReference; fileEncoding = 4; lastKnownFileType = sourcecode.swift; path = VirtualObjectLoader.swift; sourceTree = "<group>"; };
		9651C5B5262A8A8E003AF0B2 /* VirtualObjectSelection.swift */ = {isa = PBXFileReference; fileEncoding = 4; lastKnownFileType = sourcecode.swift; path = VirtualObjectSelection.swift; sourceTree = "<group>"; };
		9651C5B6262A8A8E003AF0B2 /* StatusViewController.swift */ = {isa = PBXFileReference; fileEncoding = 4; lastKnownFileType = sourcecode.swift; path = StatusViewController.swift; sourceTree = "<group>"; };
		9651C5B9262A8AEB003AF0B2 /* FocusSquare.swift */ = {isa = PBXFileReference; fileEncoding = 4; lastKnownFileType = sourcecode.swift; path = FocusSquare.swift; sourceTree = "<group>"; };
		9651C5BA262A8AEB003AF0B2 /* FocusSquareSegment.swift */ = {isa = PBXFileReference; fileEncoding = 4; lastKnownFileType = sourcecode.swift; path = FocusSquareSegment.swift; sourceTree = "<group>"; };
		9651C5BD262A8B11003AF0B2 /* Utilities.swift */ = {isa = PBXFileReference; fileEncoding = 4; lastKnownFileType = sourcecode.swift; path = Utilities.swift; sourceTree = "<group>"; };
		96EDA36226289B0000BE1B5A /* switchboard.jpg */ = {isa = PBXFileReference; lastKnownFileType = image.jpeg; path = switchboard.jpg; sourceTree = "<group>"; };
		E1ECC1F4706C62A3B4DE0541 /* SampleCode.xcconfig */ = {isa = PBXFileReference; lastKnownFileType = text.xcconfig; name = SampleCode.xcconfig; path = Configuration/SampleCode.xcconfig; sourceTree = "<group>"; };
/* End PBXFileReference section */

/* Begin PBXFrameworksBuildPhase section */
		3929C4851E89EC2C00E00B60 /* Frameworks */ = {
			isa = PBXFrameworksBuildPhase;
			buildActionMask = 2147483647;
			files = (
				9679BE72260BD182009F0E89 /* ARVideoKit in Frameworks */,
				9651C5C1262A8C32003AF0B2 /* SCNLine in Frameworks */,
			);
			runOnlyForDeploymentPostprocessing = 0;
		};
/* End PBXFrameworksBuildPhase section */

/* Begin PBXGroup section */
		113B64D01ECA81CA0071CBD1 /* Focus Square */ = {
			isa = PBXGroup;
			children = (
				9651C5B9262A8AEB003AF0B2 /* FocusSquare.swift */,
				9651C5BA262A8AEB003AF0B2 /* FocusSquareSegment.swift */,
			);
			path = "Focus Square";
			sourceTree = "<group>";
		};
		1488324A1EFC3E9C0043E0AB /* Utilities */ = {
			isa = PBXGroup;
			children = (
				9651C5BD262A8B11003AF0B2 /* Utilities.swift */,
				96110249262A005A00623812 /* VirtualObjectInteraction.swift */,
				96110246262A002200623812 /* ShapeNodes.swift */,
				9611023B2629FF8300623812 /* ARExtensions.swift */,
				961102392629FF3000623812 /* ThresholdPanGesture.swift */,
			);
			path = Utilities;
			sourceTree = "<group>";
		};
		1488324B1EFC3EBF0043E0AB /* Additional View Controllers */ = {
			isa = PBXGroup;
			children = (
				9651C5B6262A8A8E003AF0B2 /* StatusViewController.swift */,
				9651C5B5262A8A8E003AF0B2 /* VirtualObjectSelection.swift */,
				961102382629FEE200623812 /* ARKViewController.swift */,
				9611023F2629FFC900623812 /* ViewController+Actions.swift */,
				9611023E2629FFC900623812 /* ViewController+ARSCNViewDelegate.swift */,
				9611023D2629FFC900623812 /* ViewController+CoachingOverlay.swift */,
				961102402629FFCA00623812 /* ViewController+ObjectSelection.swift */,
			);
			path = "Additional View Controllers";
			sourceTree = "<group>";
		};
		1488324C1EFC3ED00043E0AB /* Resources */ = {
			isa = PBXGroup;
			children = (
				96EDA36226289B0000BE1B5A /* switchboard.jpg */,
				3929C49E1E89EE4400E00B60 /* Models.scnassets */,
				3929C4921E89EC2C00E00B60 /* Assets.xcassets */,
				3929C4971E89EC2C00E00B60 /* Info.plist */,
				3929C48F1E89EC2C00E00B60 /* Main.storyboard */,
				39D8DC1A1E8ADAE600386B05 /* LaunchScreen.storyboard */,
			);
			path = Resources;
			sourceTree = "<group>";
		};
		3929C47F1E89EC2C00E00B60 = {
			isa = PBXGroup;
			children = (
				11063F3B1EBE651B0033EE6D /* README.md */,
				3929C48A1E89EC2C00E00B60 /* ARKitInteraction */,
				3929C4891E89EC2C00E00B60 /* Products */,
				68823732822689128CA49D7D /* Configuration */,
				616626D1A5AEF839B8BB5535 /* LICENSE */,
			);
			sourceTree = "<group>";
		};
		3929C4891E89EC2C00E00B60 /* Products */ = {
			isa = PBXGroup;
			children = (
				3929C4881E89EC2C00E00B60 /* ARKitInteraction.app */,
			);
			name = Products;
			sourceTree = "<group>";
		};
		3929C48A1E89EC2C00E00B60 /* ARKitInteraction */ = {
			isa = PBXGroup;
			children = (
				3929C48B1E89EC2C00E00B60 /* AppDelegate.swift */,
				961102122629E57600623812 /* ViewController.swift */,
				96110248262A003C00623812 /* ARKStart Views */,
				C40DF57B1EC2330700D9D59E /* Virtual Objects */,
				113B64D01ECA81CA0071CBD1 /* Focus Square */,
				1488324B1EFC3EBF0043E0AB /* Additional View Controllers */,
				1488324A1EFC3E9C0043E0AB /* Utilities */,
				1488324C1EFC3ED00043E0AB /* Resources */,
			);
			path = ARKitInteraction;
			sourceTree = "<group>";
		};
		616626D1A5AEF839B8BB5535 /* LICENSE */ = {
			isa = PBXGroup;
			children = (
				19055EBC177090706502AFD5 /* LICENSE.txt */,
			);
			path = LICENSE;
			sourceTree = "<group>";
		};
		68823732822689128CA49D7D /* Configuration */ = {
			isa = PBXGroup;
			children = (
				E1ECC1F4706C62A3B4DE0541 /* SampleCode.xcconfig */,
			);
			name = Configuration;
			sourceTree = "<group>";
		};
		96110248262A003C00623812 /* ARKStart Views */ = {
			isa = PBXGroup;
			children = (
				9611024B262A006B00623812 /* VirtualObjectARView.swift */,
			);
			path = "ARKStart Views";
			sourceTree = "<group>";
		};
		C40DF57B1EC2330700D9D59E /* Virtual Objects */ = {
			isa = PBXGroup;
			children = (
				9651C5B1262A8A70003AF0B2 /* VirtualObject.swift */,
				9651C5B2262A8A70003AF0B2 /* VirtualObjectLoader.swift */,
			);
			path = "Virtual Objects";
			sourceTree = "<group>";
		};
/* End PBXGroup section */

/* Begin PBXNativeTarget section */
		3929C4871E89EC2C00E00B60 /* ARKitInteraction */ = {
			isa = PBXNativeTarget;
			buildConfigurationList = 3929C49A1E89EC2C00E00B60 /* Build configuration list for PBXNativeTarget "ARKitInteraction" */;
			buildPhases = (
				3929C4841E89EC2C00E00B60 /* Sources */,
				3929C4851E89EC2C00E00B60 /* Frameworks */,
				3929C4861E89EC2C00E00B60 /* Resources */,
			);
			buildRules = (
			);
			dependencies = (
			);
			name = ARKitInteraction;
			packageProductDependencies = (
				9679BE71260BD182009F0E89 /* ARVideoKit */,
				9651C5C0262A8C32003AF0B2 /* SCNLine */,
			);
			productName = ARKitInteraction;
			productReference = 3929C4881E89EC2C00E00B60 /* ARKitInteraction.app */;
			productType = "com.apple.product-type.application";
		};
/* End PBXNativeTarget section */

/* Begin PBXProject section */
		3929C4801E89EC2C00E00B60 /* Project object */ = {
			isa = PBXProject;
			attributes = {
				LastSwiftUpdateCheck = 0900;
				LastUpgradeCheck = 1250;
				ORGANIZATIONNAME = Apple;
				TargetAttributes = {
					3929C4871E89EC2C00E00B60 = {
						CreatedOnToolsVersion = 9.0;
						DevelopmentTeam = WDH9UWSA4G;
						LastSwiftMigration = 1100;
						ProvisioningStyle = Automatic;
					};
				};
			};
			buildConfigurationList = 3929C4831E89EC2C00E00B60 /* Build configuration list for PBXProject "ARKitInteraction" */;
			compatibilityVersion = "Xcode 3.2";
			developmentRegion = en;
			hasScannedForEncodings = 0;
			knownRegions = (
				en,
				Base,
			);
			mainGroup = 3929C47F1E89EC2C00E00B60;
			packageReferences = (
				9679BE70260BD182009F0E89 /* XCRemoteSwiftPackageReference "ARVideoKit" */,
				9651C5BF262A8C32003AF0B2 /* XCRemoteSwiftPackageReference "SceneKit-SCNLine" */,
			);
			productRefGroup = 3929C4891E89EC2C00E00B60 /* Products */;
			projectDirPath = "";
			projectRoot = "";
			targets = (
				3929C4871E89EC2C00E00B60 /* ARKitInteraction */,
			);
		};
/* End PBXProject section */

/* Begin PBXResourcesBuildPhase section */
		3929C4861E89EC2C00E00B60 /* Resources */ = {
			isa = PBXResourcesBuildPhase;
			buildActionMask = 2147483647;
			files = (
				3929C49F1E89EE4400E00B60 /* Models.scnassets in Resources */,
				39D8DC1B1E8ADAE600386B05 /* LaunchScreen.storyboard in Resources */,
				3929C4931E89EC2C00E00B60 /* Assets.xcassets in Resources */,
				3929C4911E89EC2C00E00B60 /* Main.storyboard in Resources */,
				96EDA36326289B0000BE1B5A /* switchboard.jpg in Resources */,
			);
			runOnlyForDeploymentPostprocessing = 0;
		};
/* End PBXResourcesBuildPhase section */

/* Begin PBXSourcesBuildPhase section */
		3929C4841E89EC2C00E00B60 /* Sources */ = {
			isa = PBXSourcesBuildPhase;
			buildActionMask = 2147483647;
			files = (
				9611023C2629FF8300623812 /* ARExtensions.swift in Sources */,
				9651C5BC262A8AEB003AF0B2 /* FocusSquareSegment.swift in Sources */,
				96110247262A002200623812 /* ShapeNodes.swift in Sources */,
				9611024A262A005A00623812 /* VirtualObjectInteraction.swift in Sources */,
				9651C5B8262A8A8E003AF0B2 /* StatusViewController.swift in Sources */,
				961102452629FFF700623812 /* ARKViewController.swift in Sources */,
				961102132629E57600623812 /* ViewController.swift in Sources */,
				961102412629FFCA00623812 /* ViewController+CoachingOverlay.swift in Sources */,
				3929C48C1E89EC2C00E00B60 /* AppDelegate.swift in Sources */,
				961102432629FFCA00623812 /* ViewController+ARSCNViewDelegate.swift in Sources */,
				9611023A2629FF3000623812 /* ThresholdPanGesture.swift in Sources */,
				9651C5B7262A8A8E003AF0B2 /* VirtualObjectSelection.swift in Sources */,
				961102442629FFCA00623812 /* ViewController+Actions.swift in Sources */,
				9651C5BE262A8B11003AF0B2 /* Utilities.swift in Sources */,
				9651C5BB262A8AEB003AF0B2 /* FocusSquare.swift in Sources */,
				9651C5B3262A8A70003AF0B2 /* VirtualObject.swift in Sources */,
				9651C5B4262A8A70003AF0B2 /* VirtualObjectLoader.swift in Sources */,
				9611024C262A008700623812 /* VirtualObjectARView.swift in Sources */,
				961102422629FFCA00623812 /* ViewController+ObjectSelection.swift in Sources */,
			);
			runOnlyForDeploymentPostprocessing = 0;
		};
/* End PBXSourcesBuildPhase section */

/* Begin PBXVariantGroup section */
		3929C48F1E89EC2C00E00B60 /* Main.storyboard */ = {
			isa = PBXVariantGroup;
			children = (
				3929C4901E89EC2C00E00B60 /* Base */,
			);
			name = Main.storyboard;
			path = ..;
			sourceTree = "<group>";
		};
/* End PBXVariantGroup section */

/* Begin XCBuildConfiguration section */
		3929C4981E89EC2C00E00B60 /* Debug */ = {
			isa = XCBuildConfiguration;
			baseConfigurationReference = E1ECC1F4706C62A3B4DE0541 /* SampleCode.xcconfig */;
			buildSettings = {
				ALWAYS_SEARCH_USER_PATHS = NO;
				CLANG_ANALYZER_LOCALIZABILITY_NONLOCALIZED = YES;
				CLANG_ANALYZER_NONNULL = YES;
				CLANG_ANALYZER_NUMBER_OBJECT_CONVERSION = YES_AGGRESSIVE;
				CLANG_CXX_LANGUAGE_STANDARD = "gnu++0x";
				CLANG_CXX_LIBRARY = "libc++";
				CLANG_ENABLE_MODULES = YES;
				CLANG_ENABLE_OBJC_ARC = YES;
				CLANG_WARN_BLOCK_CAPTURE_AUTORELEASING = YES;
				CLANG_WARN_BOOL_CONVERSION = YES;
				CLANG_WARN_COMMA = YES;
				CLANG_WARN_CONSTANT_CONVERSION = YES;
				CLANG_WARN_DEPRECATED_OBJC_IMPLEMENTATIONS = YES;
				CLANG_WARN_DIRECT_OBJC_ISA_USAGE = YES_ERROR;
				CLANG_WARN_DOCUMENTATION_COMMENTS = YES;
				CLANG_WARN_EMPTY_BODY = YES;
				CLANG_WARN_ENUM_CONVERSION = YES;
				CLANG_WARN_INFINITE_RECURSION = YES;
				CLANG_WARN_INT_CONVERSION = YES;
				CLANG_WARN_NON_LITERAL_NULL_CONVERSION = YES;
				CLANG_WARN_OBJC_IMPLICIT_RETAIN_SELF = YES;
				CLANG_WARN_OBJC_LITERAL_CONVERSION = YES;
				CLANG_WARN_OBJC_ROOT_CLASS = YES_ERROR;
				CLANG_WARN_QUOTED_INCLUDE_IN_FRAMEWORK_HEADER = YES;
				CLANG_WARN_RANGE_LOOP_ANALYSIS = YES;
				CLANG_WARN_STRICT_PROTOTYPES = YES;
				CLANG_WARN_SUSPICIOUS_MOVE = YES;
				CLANG_WARN_UNREACHABLE_CODE = YES;
				CLANG_WARN__DUPLICATE_METHOD_MATCH = YES;
				"CODE_SIGN_IDENTITY[sdk=iphoneos*]" = "iPhone Developer";
				COPY_PHASE_STRIP = NO;
				DEBUG_INFORMATION_FORMAT = dwarf;
				ENABLE_STRICT_OBJC_MSGSEND = YES;
				ENABLE_TESTABILITY = YES;
				GCC_C_LANGUAGE_STANDARD = gnu99;
				GCC_DYNAMIC_NO_PIC = NO;
				GCC_NO_COMMON_BLOCKS = YES;
				GCC_OPTIMIZATION_LEVEL = 0;
				GCC_PREPROCESSOR_DEFINITIONS = (
					"DEBUG=1",
					"$(inherited)",
				);
				GCC_WARN_64_TO_32_BIT_CONVERSION = YES;
				GCC_WARN_ABOUT_RETURN_TYPE = YES_ERROR;
				GCC_WARN_UNDECLARED_SELECTOR = YES;
				GCC_WARN_UNINITIALIZED_AUTOS = YES_AGGRESSIVE;
				GCC_WARN_UNUSED_FUNCTION = YES;
				GCC_WARN_UNUSED_VARIABLE = YES;
				IPHONEOS_DEPLOYMENT_TARGET = 13.6;
				MTL_ENABLE_DEBUG_INFO = YES;
				ONLY_ACTIVE_ARCH = YES;
				SDKROOT = iphoneos;
				SWIFT_ACTIVE_COMPILATION_CONDITIONS = DEBUG;
				SWIFT_OPTIMIZATION_LEVEL = "-Onone";
				TARGETED_DEVICE_FAMILY = "1,2";
			};
			name = Debug;
		};
		3929C4991E89EC2C00E00B60 /* Release */ = {
			isa = XCBuildConfiguration;
			baseConfigurationReference = E1ECC1F4706C62A3B4DE0541 /* SampleCode.xcconfig */;
			buildSettings = {
				ALWAYS_SEARCH_USER_PATHS = NO;
				CLANG_ANALYZER_LOCALIZABILITY_NONLOCALIZED = YES;
				CLANG_ANALYZER_NONNULL = YES;
				CLANG_ANALYZER_NUMBER_OBJECT_CONVERSION = YES_AGGRESSIVE;
				CLANG_CXX_LANGUAGE_STANDARD = "gnu++0x";
				CLANG_CXX_LIBRARY = "libc++";
				CLANG_ENABLE_MODULES = YES;
				CLANG_ENABLE_OBJC_ARC = YES;
				CLANG_WARN_BLOCK_CAPTURE_AUTORELEASING = YES;
				CLANG_WARN_BOOL_CONVERSION = YES;
				CLANG_WARN_COMMA = YES;
				CLANG_WARN_CONSTANT_CONVERSION = YES;
				CLANG_WARN_DEPRECATED_OBJC_IMPLEMENTATIONS = YES;
				CLANG_WARN_DIRECT_OBJC_ISA_USAGE = YES_ERROR;
				CLANG_WARN_DOCUMENTATION_COMMENTS = YES;
				CLANG_WARN_EMPTY_BODY = YES;
				CLANG_WARN_ENUM_CONVERSION = YES;
				CLANG_WARN_INFINITE_RECURSION = YES;
				CLANG_WARN_INT_CONVERSION = YES;
				CLANG_WARN_NON_LITERAL_NULL_CONVERSION = YES;
				CLANG_WARN_OBJC_IMPLICIT_RETAIN_SELF = YES;
				CLANG_WARN_OBJC_LITERAL_CONVERSION = YES;
				CLANG_WARN_OBJC_ROOT_CLASS = YES_ERROR;
				CLANG_WARN_QUOTED_INCLUDE_IN_FRAMEWORK_HEADER = YES;
				CLANG_WARN_RANGE_LOOP_ANALYSIS = YES;
				CLANG_WARN_STRICT_PROTOTYPES = YES;
				CLANG_WARN_SUSPICIOUS_MOVE = YES;
				CLANG_WARN_UNREACHABLE_CODE = YES;
				CLANG_WARN__DUPLICATE_METHOD_MATCH = YES;
				"CODE_SIGN_IDENTITY[sdk=iphoneos*]" = "iPhone Developer";
				COPY_PHASE_STRIP = NO;
				DEBUG_INFORMATION_FORMAT = "dwarf-with-dsym";
				ENABLE_NS_ASSERTIONS = NO;
				ENABLE_STRICT_OBJC_MSGSEND = YES;
				GCC_C_LANGUAGE_STANDARD = gnu99;
				GCC_NO_COMMON_BLOCKS = YES;
				GCC_WARN_64_TO_32_BIT_CONVERSION = YES;
				GCC_WARN_ABOUT_RETURN_TYPE = YES_ERROR;
				GCC_WARN_UNDECLARED_SELECTOR = YES;
				GCC_WARN_UNINITIALIZED_AUTOS = YES_AGGRESSIVE;
				GCC_WARN_UNUSED_FUNCTION = YES;
				GCC_WARN_UNUSED_VARIABLE = YES;
				IPHONEOS_DEPLOYMENT_TARGET = 13.6;
				MTL_ENABLE_DEBUG_INFO = NO;
				SDKROOT = iphoneos;
				SWIFT_COMPILATION_MODE = wholemodule;
				SWIFT_OPTIMIZATION_LEVEL = "-O";
				TARGETED_DEVICE_FAMILY = "1,2";
				VALIDATE_PRODUCT = YES;
			};
			name = Release;
		};
		3929C49B1E89EC2C00E00B60 /* Debug */ = {
			isa = XCBuildConfiguration;
			baseConfigurationReference = E1ECC1F4706C62A3B4DE0541 /* SampleCode.xcconfig */;
			buildSettings = {
				ASSETCATALOG_COMPILER_APPICON_NAME = AppIcon;
				CLANG_ENABLE_OBJC_WEAK = YES;
				CODE_SIGN_IDENTITY = "-";
				"CODE_SIGN_IDENTITY[sdk=iphoneos*]" = "iPhone Developer";
				CODE_SIGN_STYLE = Automatic;
				DEVELOPMENT_TEAM = WDH9UWSA4G;
				INFOPLIST_FILE = "$(SRCROOT)/ARKitInteraction/Resources/Info.plist";
				IPHONEOS_DEPLOYMENT_TARGET = 13.0;
				LD_RUNPATH_SEARCH_PATHS = (
					"$(inherited)",
					"@executable_path/Frameworks",
				);
				PRODUCT_BUNDLE_IDENTIFIER = "com.example.apple-samplecode.arkit-sample-app${SAMPLE_CODE_DISAMBIGUATOR}";
				PRODUCT_NAME = "$(TARGET_NAME)";
				PROVISIONING_PROFILE_SPECIFIER = "";
				SWIFT_SWIFT3_OBJC_INFERENCE = Default;
				SWIFT_VERSION = 5.0;
			};
			name = Debug;
		};
		3929C49C1E89EC2C00E00B60 /* Release */ = {
			isa = XCBuildConfiguration;
			baseConfigurationReference = E1ECC1F4706C62A3B4DE0541 /* SampleCode.xcconfig */;
			buildSettings = {
				ASSETCATALOG_COMPILER_APPICON_NAME = AppIcon;
				CLANG_ENABLE_OBJC_WEAK = YES;
				CODE_SIGN_IDENTITY = "-";
				"CODE_SIGN_IDENTITY[sdk=iphoneos*]" = "iPhone Developer";
				CODE_SIGN_STYLE = Automatic;
				DEVELOPMENT_TEAM = WDH9UWSA4G;
				INFOPLIST_FILE = "$(SRCROOT)/ARKitInteraction/Resources/Info.plist";
				IPHONEOS_DEPLOYMENT_TARGET = 13.0;
				LD_RUNPATH_SEARCH_PATHS = (
					"$(inherited)",
					"@executable_path/Frameworks",
				);
				PRODUCT_BUNDLE_IDENTIFIER = "com.example.apple-samplecode.arkit-sample-app${SAMPLE_CODE_DISAMBIGUATOR}";
				PRODUCT_NAME = "$(TARGET_NAME)";
				PROVISIONING_PROFILE_SPECIFIER = "";
				SWIFT_SWIFT3_OBJC_INFERENCE = Default;
				SWIFT_VERSION = 5.0;
			};
			name = Release;
		};
/* End XCBuildConfiguration section */

/* Begin XCConfigurationList section */
		3929C4831E89EC2C00E00B60 /* Build configuration list for PBXProject "ARKitInteraction" */ = {
			isa = XCConfigurationList;
			buildConfigurations = (
				3929C4981E89EC2C00E00B60 /* Debug */,
				3929C4991E89EC2C00E00B60 /* Release */,
			);
			defaultConfigurationIsVisible = 0;
			defaultConfigurationName = Release;
		};
		3929C49A1E89EC2C00E00B60 /* Build configuration list for PBXNativeTarget "ARKitInteraction" */ = {
			isa = XCConfigurationList;
			buildConfigurations = (
				3929C49B1E89EC2C00E00B60 /* Debug */,
				3929C49C1E89EC2C00E00B60 /* Release */,
			);
			defaultConfigurationIsVisible = 0;
			defaultConfigurationName = Release;
		};
/* End XCConfigurationList section */

/* Begin XCRemoteSwiftPackageReference section */
		9651C5BF262A8C32003AF0B2 /* XCRemoteSwiftPackageReference "SceneKit-SCNLine" */ = {
			isa = XCRemoteSwiftPackageReference;
			repositoryURL = "https://github.com/maxxfrazer/SceneKit-SCNLine";
			requirement = {
				branch = master;
				kind = branch;
			};
		};
		9679BE70260BD182009F0E89 /* XCRemoteSwiftPackageReference "ARVideoKit" */ = {
			isa = XCRemoteSwiftPackageReference;
			repositoryURL = "https://github.com/AFathi/ARVideoKit";
			requirement = {
				branch = swift_5;
				kind = branch;
			};
		};
/* End XCRemoteSwiftPackageReference section */

/* Begin XCSwiftPackageProductDependency section */
		9651C5C0262A8C32003AF0B2 /* SCNLine */ = {
			isa = XCSwiftPackageProductDependency;
			package = 9651C5BF262A8C32003AF0B2 /* XCRemoteSwiftPackageReference "SceneKit-SCNLine" */;
			productName = SCNLine;
		};
		9679BE71260BD182009F0E89 /* ARVideoKit */ = {
			isa = XCSwiftPackageProductDependency;
			package = 9679BE70260BD182009F0E89 /* XCRemoteSwiftPackageReference "ARVideoKit" */;
			productName = ARVideoKit;
		};
/* End XCSwiftPackageProductDependency section */
	};
	rootObject = 3929C4801E89EC2C00E00B60 /* Project object */;
}
